// !$*UTF8*$!
{
	archiveVersion = 1;
	classes = {
	};
	objectVersion = 46;
	objects = {

/* Begin PBXBuildFile section */
		1AD8EA351EA5CBCD000F6915 /* main.m in Sources */ = {isa = PBXBuildFile; fileRef = 1AD8EA341EA5CBCD000F6915 /* main.m */; };
		1AD8EA381EA5CBCD000F6915 /* AppDelegate.m in Sources */ = {isa = PBXBuildFile; fileRef = 1AD8EA371EA5CBCD000F6915 /* AppDelegate.m */; };
		1AD8EA3B1EA5CBCD000F6915 /* ViewController.m in Sources */ = {isa = PBXBuildFile; fileRef = 1AD8EA3A1EA5CBCD000F6915 /* ViewController.m */; };
		1AD8EA3E1EA5CBCD000F6915 /* Main.storyboard in Resources */ = {isa = PBXBuildFile; fileRef = 1AD8EA3C1EA5CBCD000F6915 /* Main.storyboard */; };
		1AD8EA401EA5CBCD000F6915 /* Assets.xcassets in Resources */ = {isa = PBXBuildFile; fileRef = 1AD8EA3F1EA5CBCD000F6915 /* Assets.xcassets */; };
		1AD8EA431EA5CBCD000F6915 /* LaunchScreen.storyboard in Resources */ = {isa = PBXBuildFile; fileRef = 1AD8EA411EA5CBCD000F6915 /* LaunchScreen.storyboard */; };
		1AD8EA751EA5CC7E000F6915 /* GEIndexPath.m in Sources */ = {isa = PBXBuildFile; fileRef = 1AD8EA661EA5CC7E000F6915 /* GEIndexPath.m */; };
		1AD8EA771EA5CC7E000F6915 /* GEPhotoPreviewCell.m in Sources */ = {isa = PBXBuildFile; fileRef = 1AD8EA6A1EA5CC7E000F6915 /* GEPhotoPreviewCell.m */; };
		1AD8EA781EA5CC7E000F6915 /* GEPhotoPreviewCell.xib in Resources */ = {isa = PBXBuildFile; fileRef = 1AD8EA6B1EA5CC7E000F6915 /* GEPhotoPreviewCell.xib */; };
		1AD8EA791EA5CC7E000F6915 /* GEPhotoPreviewController.m in Sources */ = {isa = PBXBuildFile; fileRef = 1AD8EA6D1EA5CC7E000F6915 /* GEPhotoPreviewController.m */; };
		1AD8EA7A1EA5CC7E000F6915 /* GEPhotoPreviewController.xib in Resources */ = {isa = PBXBuildFile; fileRef = 1AD8EA6E1EA5CC7E000F6915 /* GEPhotoPreviewController.xib */; };
		1AD8EA7B1EA5CC7E000F6915 /* GEPhotoPreviewLayout.m in Sources */ = {isa = PBXBuildFile; fileRef = 1AD8EA701EA5CC7E000F6915 /* GEPhotoPreviewLayout.m */; };
		1AD8EAA61EA5DF92000F6915 /* GEAnimatedTransitioning.m in Sources */ = {isa = PBXBuildFile; fileRef = 1AD8EA9F1EA5DF92000F6915 /* GEAnimatedTransitioning.m */; };
		1AD8EAA71EA5DF92000F6915 /* GECustomTransition.m in Sources */ = {isa = PBXBuildFile; fileRef = 1AD8EAA11EA5DF92000F6915 /* GECustomTransition.m */; };
		1AD8EAA81EA5DF92000F6915 /* GECustomTransitionStyle.m in Sources */ = {isa = PBXBuildFile; fileRef = 1AD8EAA31EA5DF92000F6915 /* GECustomTransitionStyle.m */; };
		1AD8EAA91EA5DF92000F6915 /* GETransitionPresentationController.m in Sources */ = {isa = PBXBuildFile; fileRef = 1AD8EAA51EA5DF92000F6915 /* GETransitionPresentationController.m */; };
		1AD8EAAD1EA5E043000F6915 /* UIView+GEAdd.m in Sources */ = {isa = PBXBuildFile; fileRef = 1AD8EAAC1EA5E043000F6915 /* UIView+GEAdd.m */; };
		1AD8EAB01EA5E11D000F6915 /* GEPreviewInnerObject.m in Sources */ = {isa = PBXBuildFile; fileRef = 1AD8EAAF1EA5E11D000F6915 /* GEPreviewInnerObject.m */; };
		1AD8EAB31EA5E167000F6915 /* UIImageView+GEWebCache.m in Sources */ = {isa = PBXBuildFile; fileRef = 1AD8EAB21EA5E167000F6915 /* UIImageView+GEWebCache.m */; };
		1AD8EAB61EA5E184000F6915 /* UIImage+GESDImageCache.m in Sources */ = {isa = PBXBuildFile; fileRef = 1AD8EAB51EA5E184000F6915 /* UIImage+GESDImageCache.m */; };
		1AD8EAB91EA5E192000F6915 /* NSString+GESDCache.m in Sources */ = {isa = PBXBuildFile; fileRef = 1AD8EAB81EA5E192000F6915 /* NSString+GESDCache.m */; };
		1AD8EABC1EA5E1A2000F6915 /* UIScreen+GEAdd.m in Sources */ = {isa = PBXBuildFile; fileRef = 1AD8EABB1EA5E1A2000F6915 /* UIScreen+GEAdd.m */; };
		8245E9EA98C29299EB1FE80C /* libPods-GEPhotoPreviewControllerDemo.a in Frameworks */ = {isa = PBXBuildFile; fileRef = 9A416E1696DD62EFADB90DE6 /* libPods-GEPhotoPreviewControllerDemo.a */; };
/* End PBXBuildFile section */

/* Begin PBXFileReference section */
		1AD8EA301EA5CBCD000F6915 /* GEPhotoPreviewControllerDemo.app */ = {isa = PBXFileReference; explicitFileType = wrapper.application; includeInIndex = 0; path = GEPhotoPreviewControllerDemo.app; sourceTree = BUILT_PRODUCTS_DIR; };
		1AD8EA341EA5CBCD000F6915 /* main.m */ = {isa = PBXFileReference; lastKnownFileType = sourcecode.c.objc; path = main.m; sourceTree = "<group>"; };
		1AD8EA361EA5CBCD000F6915 /* AppDelegate.h */ = {isa = PBXFileReference; lastKnownFileType = sourcecode.c.h; path = AppDelegate.h; sourceTree = "<group>"; };
		1AD8EA371EA5CBCD000F6915 /* AppDelegate.m */ = {isa = PBXFileReference; lastKnownFileType = sourcecode.c.objc; path = AppDelegate.m; sourceTree = "<group>"; };
		1AD8EA391EA5CBCD000F6915 /* ViewController.h */ = {isa = PBXFileReference; lastKnownFileType = sourcecode.c.h; path = ViewController.h; sourceTree = "<group>"; };
		1AD8EA3A1EA5CBCD000F6915 /* ViewController.m */ = {isa = PBXFileReference; lastKnownFileType = sourcecode.c.objc; path = ViewController.m; sourceTree = "<group>"; };
		1AD8EA3D1EA5CBCD000F6915 /* Base */ = {isa = PBXFileReference; lastKnownFileType = file.storyboard; name = Base; path = Base.lproj/Main.storyboard; sourceTree = "<group>"; };
		1AD8EA3F1EA5CBCD000F6915 /* Assets.xcassets */ = {isa = PBXFileReference; lastKnownFileType = folder.assetcatalog; path = Assets.xcassets; sourceTree = "<group>"; };
		1AD8EA421EA5CBCD000F6915 /* Base */ = {isa = PBXFileReference; lastKnownFileType = file.storyboard; name = Base; path = Base.lproj/LaunchScreen.storyboard; sourceTree = "<group>"; };
		1AD8EA441EA5CBCD000F6915 /* Info.plist */ = {isa = PBXFileReference; lastKnownFileType = text.plist.xml; path = Info.plist; sourceTree = "<group>"; };
		1AD8EA651EA5CC7E000F6915 /* GEIndexPath.h */ = {isa = PBXFileReference; fileEncoding = 4; lastKnownFileType = sourcecode.c.h; path = GEIndexPath.h; sourceTree = "<group>"; };
		1AD8EA661EA5CC7E000F6915 /* GEIndexPath.m */ = {isa = PBXFileReference; fileEncoding = 4; lastKnownFileType = sourcecode.c.objc; path = GEIndexPath.m; sourceTree = "<group>"; };
		1AD8EA691EA5CC7E000F6915 /* GEPhotoPreviewCell.h */ = {isa = PBXFileReference; fileEncoding = 4; lastKnownFileType = sourcecode.c.h; path = GEPhotoPreviewCell.h; sourceTree = "<group>"; };
		1AD8EA6A1EA5CC7E000F6915 /* GEPhotoPreviewCell.m */ = {isa = PBXFileReference; fileEncoding = 4; lastKnownFileType = sourcecode.c.objc; path = GEPhotoPreviewCell.m; sourceTree = "<group>"; };
		1AD8EA6B1EA5CC7E000F6915 /* GEPhotoPreviewCell.xib */ = {isa = PBXFileReference; fileEncoding = 4; lastKnownFileType = file.xib; path = GEPhotoPreviewCell.xib; sourceTree = "<group>"; };
		1AD8EA6C1EA5CC7E000F6915 /* GEPhotoPreviewController.h */ = {isa = PBXFileReference; fileEncoding = 4; lastKnownFileType = sourcecode.c.h; path = GEPhotoPreviewController.h; sourceTree = "<group>"; };
		1AD8EA6D1EA5CC7E000F6915 /* GEPhotoPreviewController.m */ = {isa = PBXFileReference; fileEncoding = 4; lastKnownFileType = sourcecode.c.objc; path = GEPhotoPreviewController.m; sourceTree = "<group>"; };
		1AD8EA6E1EA5CC7E000F6915 /* GEPhotoPreviewController.xib */ = {isa = PBXFileReference; fileEncoding = 4; lastKnownFileType = file.xib; path = GEPhotoPreviewController.xib; sourceTree = "<group>"; };
		1AD8EA6F1EA5CC7E000F6915 /* GEPhotoPreviewLayout.h */ = {isa = PBXFileReference; fileEncoding = 4; lastKnownFileType = sourcecode.c.h; path = GEPhotoPreviewLayout.h; sourceTree = "<group>"; };
		1AD8EA701EA5CC7E000F6915 /* GEPhotoPreviewLayout.m */ = {isa = PBXFileReference; fileEncoding = 4; lastKnownFileType = sourcecode.c.objc; path = GEPhotoPreviewLayout.m; sourceTree = "<group>"; };
		1AD8EA9E1EA5DF92000F6915 /* GEAnimatedTransitioning.h */ = {isa = PBXFileReference; fileEncoding = 4; lastKnownFileType = sourcecode.c.h; path = GEAnimatedTransitioning.h; sourceTree = "<group>"; };
		1AD8EA9F1EA5DF92000F6915 /* GEAnimatedTransitioning.m */ = {isa = PBXFileReference; fileEncoding = 4; lastKnownFileType = sourcecode.c.objc; path = GEAnimatedTransitioning.m; sourceTree = "<group>"; };
		1AD8EAA01EA5DF92000F6915 /* GECustomTransition.h */ = {isa = PBXFileReference; fileEncoding = 4; lastKnownFileType = sourcecode.c.h; path = GECustomTransition.h; sourceTree = "<group>"; };
		1AD8EAA11EA5DF92000F6915 /* GECustomTransition.m */ = {isa = PBXFileReference; fileEncoding = 4; lastKnownFileType = sourcecode.c.objc; path = GECustomTransition.m; sourceTree = "<group>"; };
		1AD8EAA21EA5DF92000F6915 /* GECustomTransitionStyle.h */ = {isa = PBXFileReference; fileEncoding = 4; lastKnownFileType = sourcecode.c.h; path = GECustomTransitionStyle.h; sourceTree = "<group>"; };
		1AD8EAA31EA5DF92000F6915 /* GECustomTransitionStyle.m */ = {isa = PBXFileReference; fileEncoding = 4; lastKnownFileType = sourcecode.c.objc; path = GECustomTransitionStyle.m; sourceTree = "<group>"; };
		1AD8EAA41EA5DF92000F6915 /* GETransitionPresentationController.h */ = {isa = PBXFileReference; fileEncoding = 4; lastKnownFileType = sourcecode.c.h; path = GETransitionPresentationController.h; sourceTree = "<group>"; };
		1AD8EAA51EA5DF92000F6915 /* GETransitionPresentationController.m */ = {isa = PBXFileReference; fileEncoding = 4; lastKnownFileType = sourcecode.c.objc; path = GETransitionPresentationController.m; sourceTree = "<group>"; };
		1AD8EAAB1EA5E043000F6915 /* UIView+GEAdd.h */ = {isa = PBXFileReference; fileEncoding = 4; lastKnownFileType = sourcecode.c.h; path = "UIView+GEAdd.h"; sourceTree = "<group>"; };
		1AD8EAAC1EA5E043000F6915 /* UIView+GEAdd.m */ = {isa = PBXFileReference; fileEncoding = 4; lastKnownFileType = sourcecode.c.objc; path = "UIView+GEAdd.m"; sourceTree = "<group>"; };
		1AD8EAAE1EA5E11D000F6915 /* GEPreviewInnerObject.h */ = {isa = PBXFileReference; fileEncoding = 4; lastKnownFileType = sourcecode.c.h; path = GEPreviewInnerObject.h; sourceTree = "<group>"; };
		1AD8EAAF1EA5E11D000F6915 /* GEPreviewInnerObject.m */ = {isa = PBXFileReference; fileEncoding = 4; lastKnownFileType = sourcecode.c.objc; path = GEPreviewInnerObject.m; sourceTree = "<group>"; };
		1AD8EAB11EA5E167000F6915 /* UIImageView+GEWebCache.h */ = {isa = PBXFileReference; fileEncoding = 4; lastKnownFileType = sourcecode.c.h; path = "UIImageView+GEWebCache.h"; sourceTree = "<group>"; };
		1AD8EAB21EA5E167000F6915 /* UIImageView+GEWebCache.m */ = {isa = PBXFileReference; fileEncoding = 4; lastKnownFileType = sourcecode.c.objc; path = "UIImageView+GEWebCache.m"; sourceTree = "<group>"; };
		1AD8EAB41EA5E184000F6915 /* UIImage+GESDImageCache.h */ = {isa = PBXFileReference; fileEncoding = 4; lastKnownFileType = sourcecode.c.h; path = "UIImage+GESDImageCache.h"; sourceTree = "<group>"; };
		1AD8EAB51EA5E184000F6915 /* UIImage+GESDImageCache.m */ = {isa = PBXFileReference; fileEncoding = 4; lastKnownFileType = sourcecode.c.objc; path = "UIImage+GESDImageCache.m"; sourceTree = "<group>"; };
		1AD8EAB71EA5E192000F6915 /* NSString+GESDCache.h */ = {isa = PBXFileReference; fileEncoding = 4; lastKnownFileType = sourcecode.c.h; path = "NSString+GESDCache.h"; sourceTree = "<group>"; };
		1AD8EAB81EA5E192000F6915 /* NSString+GESDCache.m */ = {isa = PBXFileReference; fileEncoding = 4; lastKnownFileType = sourcecode.c.objc; path = "NSString+GESDCache.m"; sourceTree = "<group>"; };
		1AD8EABA1EA5E1A2000F6915 /* UIScreen+GEAdd.h */ = {isa = PBXFileReference; fileEncoding = 4; lastKnownFileType = sourcecode.c.h; path = "UIScreen+GEAdd.h"; sourceTree = "<group>"; };
		1AD8EABB1EA5E1A2000F6915 /* UIScreen+GEAdd.m */ = {isa = PBXFileReference; fileEncoding = 4; lastKnownFileType = sourcecode.c.objc; path = "UIScreen+GEAdd.m"; sourceTree = "<group>"; };
		9A416E1696DD62EFADB90DE6 /* libPods-GEPhotoPreviewControllerDemo.a */ = {isa = PBXFileReference; explicitFileType = archive.ar; includeInIndex = 0; path = "libPods-GEPhotoPreviewControllerDemo.a"; sourceTree = BUILT_PRODUCTS_DIR; };
		AE9783EE1B3F59909542C76C /* Pods-GEPhotoPreviewControllerDemo.release.xcconfig */ = {isa = PBXFileReference; includeInIndex = 1; lastKnownFileType = text.xcconfig; name = "Pods-GEPhotoPreviewControllerDemo.release.xcconfig"; path = "Pods/Target Support Files/Pods-GEPhotoPreviewControllerDemo/Pods-GEPhotoPreviewControllerDemo.release.xcconfig"; sourceTree = "<group>"; };
		B5EDAC41878754D2D06CAB1E /* Pods-GEPhotoPreviewControllerDemo.debug.xcconfig */ = {isa = PBXFileReference; includeInIndex = 1; lastKnownFileType = text.xcconfig; name = "Pods-GEPhotoPreviewControllerDemo.debug.xcconfig"; path = "Pods/Target Support Files/Pods-GEPhotoPreviewControllerDemo/Pods-GEPhotoPreviewControllerDemo.debug.xcconfig"; sourceTree = "<group>"; };
/* End PBXFileReference section */

/* Begin PBXFrameworksBuildPhase section */
		1AD8EA2D1EA5CBCD000F6915 /* Frameworks */ = {
			isa = PBXFrameworksBuildPhase;
			buildActionMask = 2147483647;
			files = (
				8245E9EA98C29299EB1FE80C /* libPods-GEPhotoPreviewControllerDemo.a in Frameworks */,
			);
			runOnlyForDeploymentPostprocessing = 0;
		};
/* End PBXFrameworksBuildPhase section */

/* Begin PBXGroup section */
		10C212D60A87A3453B1E654D /* Frameworks */ = {
			isa = PBXGroup;
			children = (
				9A416E1696DD62EFADB90DE6 /* libPods-GEPhotoPreviewControllerDemo.a */,
			);
			name = Frameworks;
			sourceTree = "<group>";
		};
		1AD8EA271EA5CBCD000F6915 = {
			isa = PBXGroup;
			children = (
				1AD8EAAA1EA5E033000F6915 /* Other */,
				1AD8EA9D1EA5DF92000F6915 /* GECustomTransition */,
				1AD8EA641EA5CC7E000F6915 /* GEPhotoPreviewController */,
				1AD8EA321EA5CBCD000F6915 /* GEPhotoPreviewControllerDemo */,
				1AD8EA311EA5CBCD000F6915 /* Products */,
				FEC8A3BF8BF1327E3FF7964E /* Pods */,
				10C212D60A87A3453B1E654D /* Frameworks */,
			);
			sourceTree = "<group>";
		};
		1AD8EA311EA5CBCD000F6915 /* Products */ = {
			isa = PBXGroup;
			children = (
				1AD8EA301EA5CBCD000F6915 /* GEPhotoPreviewControllerDemo.app */,
			);
			name = Products;
			sourceTree = "<group>";
		};
		1AD8EA321EA5CBCD000F6915 /* GEPhotoPreviewControllerDemo */ = {
			isa = PBXGroup;
			children = (
				1AD8EA361EA5CBCD000F6915 /* AppDelegate.h */,
				1AD8EA371EA5CBCD000F6915 /* AppDelegate.m */,
				1AD8EA391EA5CBCD000F6915 /* ViewController.h */,
				1AD8EA3A1EA5CBCD000F6915 /* ViewController.m */,
				1AD8EA3C1EA5CBCD000F6915 /* Main.storyboard */,
				1AD8EA3F1EA5CBCD000F6915 /* Assets.xcassets */,
				1AD8EA411EA5CBCD000F6915 /* LaunchScreen.storyboard */,
				1AD8EA441EA5CBCD000F6915 /* Info.plist */,
				1AD8EA331EA5CBCD000F6915 /* Supporting Files */,
			);
			path = GEPhotoPreviewControllerDemo;
			sourceTree = "<group>";
		};
		1AD8EA331EA5CBCD000F6915 /* Supporting Files */ = {
			isa = PBXGroup;
			children = (
				1AD8EA341EA5CBCD000F6915 /* main.m */,
			);
			name = "Supporting Files";
			sourceTree = "<group>";
		};
		1AD8EA641EA5CC7E000F6915 /* GEPhotoPreviewController */ = {
			isa = PBXGroup;
			children = (
				1AD8EAAE1EA5E11D000F6915 /* GEPreviewInnerObject.h */,
				1AD8EAAF1EA5E11D000F6915 /* GEPreviewInnerObject.m */,
				1AD8EA651EA5CC7E000F6915 /* GEIndexPath.h */,
				1AD8EA661EA5CC7E000F6915 /* GEIndexPath.m */,
				1AD8EA691EA5CC7E000F6915 /* GEPhotoPreviewCell.h */,
				1AD8EA6A1EA5CC7E000F6915 /* GEPhotoPreviewCell.m */,
				1AD8EA6B1EA5CC7E000F6915 /* GEPhotoPreviewCell.xib */,
				1AD8EA6C1EA5CC7E000F6915 /* GEPhotoPreviewController.h */,
				1AD8EA6D1EA5CC7E000F6915 /* GEPhotoPreviewController.m */,
				1AD8EA6E1EA5CC7E000F6915 /* GEPhotoPreviewController.xib */,
				1AD8EA6F1EA5CC7E000F6915 /* GEPhotoPreviewLayout.h */,
				1AD8EA701EA5CC7E000F6915 /* GEPhotoPreviewLayout.m */,
			);
			path = GEPhotoPreviewController;
			sourceTree = "<group>";
		};
		1AD8EA9D1EA5DF92000F6915 /* GECustomTransition */ = {
			isa = PBXGroup;
			children = (
				1AD8EA9E1EA5DF92000F6915 /* GEAnimatedTransitioning.h */,
				1AD8EA9F1EA5DF92000F6915 /* GEAnimatedTransitioning.m */,
				1AD8EAA01EA5DF92000F6915 /* GECustomTransition.h */,
				1AD8EAA11EA5DF92000F6915 /* GECustomTransition.m */,
				1AD8EAA21EA5DF92000F6915 /* GECustomTransitionStyle.h */,
				1AD8EAA31EA5DF92000F6915 /* GECustomTransitionStyle.m */,
				1AD8EAA41EA5DF92000F6915 /* GETransitionPresentationController.h */,
				1AD8EAA51EA5DF92000F6915 /* GETransitionPresentationController.m */,
			);
			path = GECustomTransition;
			sourceTree = "<group>";
		};
		1AD8EAAA1EA5E033000F6915 /* Other */ = {
			isa = PBXGroup;
			children = (
				1AD8EABA1EA5E1A2000F6915 /* UIScreen+GEAdd.h */,
				1AD8EABB1EA5E1A2000F6915 /* UIScreen+GEAdd.m */,
				1AD8EAB71EA5E192000F6915 /* NSString+GESDCache.h */,
				1AD8EAB81EA5E192000F6915 /* NSString+GESDCache.m */,
				1AD8EAB41EA5E184000F6915 /* UIImage+GESDImageCache.h */,
				1AD8EAB51EA5E184000F6915 /* UIImage+GESDImageCache.m */,
				1AD8EAB11EA5E167000F6915 /* UIImageView+GEWebCache.h */,
				1AD8EAB21EA5E167000F6915 /* UIImageView+GEWebCache.m */,
				1AD8EAAB1EA5E043000F6915 /* UIView+GEAdd.h */,
				1AD8EAAC1EA5E043000F6915 /* UIView+GEAdd.m */,
			);
			path = Other;
			sourceTree = "<group>";
		};
		FEC8A3BF8BF1327E3FF7964E /* Pods */ = {
			isa = PBXGroup;
			children = (
				B5EDAC41878754D2D06CAB1E /* Pods-GEPhotoPreviewControllerDemo.debug.xcconfig */,
				AE9783EE1B3F59909542C76C /* Pods-GEPhotoPreviewControllerDemo.release.xcconfig */,
			);
			name = Pods;
			sourceTree = "<group>";
		};
/* End PBXGroup section */

/* Begin PBXNativeTarget section */
		1AD8EA2F1EA5CBCD000F6915 /* GEPhotoPreviewControllerDemo */ = {
			isa = PBXNativeTarget;
			buildConfigurationList = 1AD8EA471EA5CBCD000F6915 /* Build configuration list for PBXNativeTarget "GEPhotoPreviewControllerDemo" */;
			buildPhases = (
				FA3177C9A391D7C38978B760 /* [CP] Check Pods Manifest.lock */,
				1AD8EA2C1EA5CBCD000F6915 /* Sources */,
				1AD8EA2D1EA5CBCD000F6915 /* Frameworks */,
				1AD8EA2E1EA5CBCD000F6915 /* Resources */,
				5FECA4D32363BE7F539F2EB2 /* [CP] Embed Pods Frameworks */,
				AFBB768EA74205E28B3F16D4 /* [CP] Copy Pods Resources */,
			);
			buildRules = (
			);
			dependencies = (
			);
			name = GEPhotoPreviewControllerDemo;
			productName = GEPhotoPreviewControllerDemo;
			productReference = 1AD8EA301EA5CBCD000F6915 /* GEPhotoPreviewControllerDemo.app */;
			productType = "com.apple.product-type.application";
		};
/* End PBXNativeTarget section */

/* Begin PBXProject section */
		1AD8EA281EA5CBCD000F6915 /* Project object */ = {
			isa = PBXProject;
			attributes = {
				LastUpgradeCheck = 0820;
				ORGANIZATIONNAME = eric;
				TargetAttributes = {
					1AD8EA2F1EA5CBCD000F6915 = {
						CreatedOnToolsVersion = 8.2.1;
						DevelopmentTeam = 76364BYDWJ;
						ProvisioningStyle = Automatic;
					};
				};
			};
			buildConfigurationList = 1AD8EA2B1EA5CBCD000F6915 /* Build configuration list for PBXProject "GEPhotoPreviewControllerDemo" */;
			compatibilityVersion = "Xcode 3.2";
			developmentRegion = English;
			hasScannedForEncodings = 0;
			knownRegions = (
				en,
				Base,
			);
			mainGroup = 1AD8EA271EA5CBCD000F6915;
			productRefGroup = 1AD8EA311EA5CBCD000F6915 /* Products */;
			projectDirPath = "";
			projectRoot = "";
			targets = (
				1AD8EA2F1EA5CBCD000F6915 /* GEPhotoPreviewControllerDemo */,
			);
		};
/* End PBXProject section */

/* Begin PBXResourcesBuildPhase section */
		1AD8EA2E1EA5CBCD000F6915 /* Resources */ = {
			isa = PBXResourcesBuildPhase;
			buildActionMask = 2147483647;
			files = (
				1AD8EA7A1EA5CC7E000F6915 /* GEPhotoPreviewController.xib in Resources */,
				1AD8EA431EA5CBCD000F6915 /* LaunchScreen.storyboard in Resources */,
				1AD8EA401EA5CBCD000F6915 /* Assets.xcassets in Resources */,
				1AD8EA781EA5CC7E000F6915 /* GEPhotoPreviewCell.xib in Resources */,
				1AD8EA3E1EA5CBCD000F6915 /* Main.storyboard in Resources */,
			);
			runOnlyForDeploymentPostprocessing = 0;
		};
/* End PBXResourcesBuildPhase section */

/* Begin PBXShellScriptBuildPhase section */
		5FECA4D32363BE7F539F2EB2 /* [CP] Embed Pods Frameworks */ = {
			isa = PBXShellScriptBuildPhase;
			buildActionMask = 2147483647;
			files = (
			);
			inputPaths = (
			);
			name = "[CP] Embed Pods Frameworks";
			outputPaths = (
			);
			runOnlyForDeploymentPostprocessing = 0;
			shellPath = /bin/sh;
			shellScript = "\"${SRCROOT}/Pods/Target Support Files/Pods-GEPhotoPreviewControllerDemo/Pods-GEPhotoPreviewControllerDemo-frameworks.sh\"\n";
			showEnvVarsInLog = 0;
		};
		AFBB768EA74205E28B3F16D4 /* [CP] Copy Pods Resources */ = {
			isa = PBXShellScriptBuildPhase;
			buildActionMask = 2147483647;
			files = (
			);
			inputPaths = (
			);
			name = "[CP] Copy Pods Resources";
			outputPaths = (
			);
			runOnlyForDeploymentPostprocessing = 0;
			shellPath = /bin/sh;
			shellScript = "\"${SRCROOT}/Pods/Target Support Files/Pods-GEPhotoPreviewControllerDemo/Pods-GEPhotoPreviewControllerDemo-resources.sh\"\n";
			showEnvVarsInLog = 0;
		};
		FA3177C9A391D7C38978B760 /* [CP] Check Pods Manifest.lock */ = {
			isa = PBXShellScriptBuildPhase;
			buildActionMask = 2147483647;
			files = (
			);
			inputPaths = (
			);
			name = "[CP] Check Pods Manifest.lock";
			outputPaths = (
			);
			runOnlyForDeploymentPostprocessing = 0;
			shellPath = /bin/sh;
			shellScript = "diff \"${PODS_PODFILE_DIR_PATH}/Podfile.lock\" \"${PODS_ROOT}/Manifest.lock\" > /dev/null\nif [ $? != 0 ] ; then\n    # print error to STDERR\n    echo \"error: The sandbox is not in sync with the Podfile.lock. Run 'pod install' or update your CocoaPods installation.\" >&2\n    exit 1\nfi\n";
			showEnvVarsInLog = 0;
		};
/* End PBXShellScriptBuildPhase section */

/* Begin PBXSourcesBuildPhase section */
		1AD8EA2C1EA5CBCD000F6915 /* Sources */ = {
			isa = PBXSourcesBuildPhase;
			buildActionMask = 2147483647;
			files = (
				1AD8EAAD1EA5E043000F6915 /* UIView+GEAdd.m in Sources */,
				1AD8EA771EA5CC7E000F6915 /* GEPhotoPreviewCell.m in Sources */,
				1AD8EAA81EA5DF92000F6915 /* GECustomTransitionStyle.m in Sources */,
				1AD8EAB91EA5E192000F6915 /* NSString+GESDCache.m in Sources */,
				1AD8EAA71EA5DF92000F6915 /* GECustomTransition.m in Sources */,
				1AD8EABC1EA5E1A2000F6915 /* UIScreen+GEAdd.m in Sources */,
				1AD8EAB01EA5E11D000F6915 /* GEPreviewInnerObject.m in Sources */,
				1AD8EA3B1EA5CBCD000F6915 /* ViewController.m in Sources */,
				1AD8EAA61EA5DF92000F6915 /* GEAnimatedTransitioning.m in Sources */,
				1AD8EAB61EA5E184000F6915 /* UIImage+GESDImageCache.m in Sources */,
				1AD8EA381EA5CBCD000F6915 /* AppDelegate.m in Sources */,
				1AD8EAB31EA5E167000F6915 /* UIImageView+GEWebCache.m in Sources */,
				1AD8EA751EA5CC7E000F6915 /* GEIndexPath.m in Sources */,
				1AD8EAA91EA5DF92000F6915 /* GETransitionPresentationController.m in Sources */,
				1AD8EA351EA5CBCD000F6915 /* main.m in Sources */,
				1AD8EA7B1EA5CC7E000F6915 /* GEPhotoPreviewLayout.m in Sources */,
				1AD8EA791EA5CC7E000F6915 /* GEPhotoPreviewController.m in Sources */,
			);
			runOnlyForDeploymentPostprocessing = 0;
		};
/* End PBXSourcesBuildPhase section */

/* Begin PBXVariantGroup section */
		1AD8EA3C1EA5CBCD000F6915 /* Main.storyboard */ = {
			isa = PBXVariantGroup;
			children = (
				1AD8EA3D1EA5CBCD000F6915 /* Base */,
			);
			name = Main.storyboard;
			sourceTree = "<group>";
		};
		1AD8EA411EA5CBCD000F6915 /* LaunchScreen.storyboard */ = {
			isa = PBXVariantGroup;
			children = (
				1AD8EA421EA5CBCD000F6915 /* Base */,
			);
			name = LaunchScreen.storyboard;
			sourceTree = "<group>";
		};
/* End PBXVariantGroup section */

/* Begin XCBuildConfiguration section */
		1AD8EA451EA5CBCD000F6915 /* Debug */ = {
			isa = XCBuildConfiguration;
			buildSettings = {
				ALWAYS_SEARCH_USER_PATHS = NO;
				CLANG_ANALYZER_NONNULL = YES;
				CLANG_CXX_LANGUAGE_STANDARD = "gnu++0x";
				CLANG_CXX_LIBRARY = "libc++";
				CLANG_ENABLE_MODULES = YES;
				CLANG_ENABLE_OBJC_ARC = YES;
				CLANG_WARN_BOOL_CONVERSION = YES;
				CLANG_WARN_CONSTANT_CONVERSION = YES;
				CLANG_WARN_DIRECT_OBJC_ISA_USAGE = YES_ERROR;
				CLANG_WARN_DOCUMENTATION_COMMENTS = YES;
				CLANG_WARN_EMPTY_BODY = YES;
				CLANG_WARN_ENUM_CONVERSION = YES;
				CLANG_WARN_INFINITE_RECURSION = YES;
				CLANG_WARN_INT_CONVERSION = YES;
				CLANG_WARN_OBJC_ROOT_CLASS = YES_ERROR;
				CLANG_WARN_SUSPICIOUS_MOVE = YES;
				CLANG_WARN_UNREACHABLE_CODE = YES;
				CLANG_WARN__DUPLICATE_METHOD_MATCH = YES;
				"CODE_SIGN_IDENTITY[sdk=iphoneos*]" = "iPhone Developer";
				COPY_PHASE_STRIP = NO;
				DEBUG_INFORMATION_FORMAT = dwarf;
				ENABLE_STRICT_OBJC_MSGSEND = YES;
				ENABLE_TESTABILITY = YES;
				GCC_C_LANGUAGE_STANDARD = gnu99;
				GCC_DYNAMIC_NO_PIC = NO;
				GCC_NO_COMMON_BLOCKS = YES;
				GCC_OPTIMIZATION_LEVEL = 0;
				GCC_PREPROCESSOR_DEFINITIONS = (
					"DEBUG=1",
					"$(inherited)",
				);
				GCC_WARN_64_TO_32_BIT_CONVERSION = YES;
				GCC_WARN_ABOUT_RETURN_TYPE = YES_ERROR;
				GCC_WARN_UNDECLARED_SELECTOR = YES;
				GCC_WARN_UNINITIALIZED_AUTOS = YES_AGGRESSIVE;
				GCC_WARN_UNUSED_FUNCTION = YES;
				GCC_WARN_UNUSED_VARIABLE = YES;
				IPHONEOS_DEPLOYMENT_TARGET = 10.2;
				MTL_ENABLE_DEBUG_INFO = YES;
				ONLY_ACTIVE_ARCH = YES;
				SDKROOT = iphoneos;
				TARGETED_DEVICE_FAMILY = "1,2";
			};
			name = Debug;
		};
		1AD8EA461EA5CBCD000F6915 /* Release */ = {
			isa = XCBuildConfiguration;
			buildSettings = {
				ALWAYS_SEARCH_USER_PATHS = NO;
				CLANG_ANALYZER_NONNULL = YES;
				CLANG_CXX_LANGUAGE_STANDARD = "gnu++0x";
				CLANG_CXX_LIBRARY = "libc++";
				CLANG_ENABLE_MODULES = YES;
				CLANG_ENABLE_OBJC_ARC = YES;
				CLANG_WARN_BOOL_CONVERSION = YES;
				CLANG_WARN_CONSTANT_CONVERSION = YES;
				CLANG_WARN_DIRECT_OBJC_ISA_USAGE = YES_ERROR;
				CLANG_WARN_DOCUMENTATION_COMMENTS = YES;
				CLANG_WARN_EMPTY_BODY = YES;
				CLANG_WARN_ENUM_CONVERSION = YES;
				CLANG_WARN_INFINITE_RECURSION = YES;
				CLANG_WARN_INT_CONVERSION = YES;
				CLANG_WARN_OBJC_ROOT_CLASS = YES_ERROR;
				CLANG_WARN_SUSPICIOUS_MOVE = YES;
				CLANG_WARN_UNREACHABLE_CODE = YES;
				CLANG_WARN__DUPLICATE_METHOD_MATCH = YES;
				"CODE_SIGN_IDENTITY[sdk=iphoneos*]" = "iPhone Developer";
				COPY_PHASE_STRIP = NO;
				DEBUG_INFORMATION_FORMAT = "dwarf-with-dsym";
				ENABLE_NS_ASSERTIONS = NO;
				ENABLE_STRICT_OBJC_MSGSEND = YES;
				GCC_C_LANGUAGE_STANDARD = gnu99;
				GCC_NO_COMMON_BLOCKS = YES;
				GCC_WARN_64_TO_32_BIT_CONVERSION = YES;
				GCC_WARN_ABOUT_RETURN_TYPE = YES_ERROR;
				GCC_WARN_UNDECLARED_SELECTOR = YES;
				GCC_WARN_UNINITIALIZED_AUTOS = YES_AGGRESSIVE;
				GCC_WARN_UNUSED_FUNCTION = YES;
				GCC_WARN_UNUSED_VARIABLE = YES;
				IPHONEOS_DEPLOYMENT_TARGET = 10.2;
				MTL_ENABLE_DEBUG_INFO = NO;
				SDKROOT = iphoneos;
				TARGETED_DEVICE_FAMILY = "1,2";
				VALIDATE_PRODUCT = YES;
			};
			name = Release;
		};
		1AD8EA481EA5CBCD000F6915 /* Debug */ = {
			isa = XCBuildConfiguration;
			baseConfigurationReference = B5EDAC41878754D2D06CAB1E /* Pods-GEPhotoPreviewControllerDemo.debug.xcconfig */;
			buildSettings = {
				ASSETCATALOG_COMPILER_APPICON_NAME = AppIcon;
				DEVELOPMENT_TEAM = 76364BYDWJ;
				INFOPLIST_FILE = GEPhotoPreviewControllerDemo/Info.plist;
				IPHONEOS_DEPLOYMENT_TARGET = 8.0;
				LD_RUNPATH_SEARCH_PATHS = "$(inherited) @executable_path/Frameworks";
				PRODUCT_BUNDLE_IDENTIFIER = gloria.GEPhotoPreviewControllerDemo;
				PRODUCT_NAME = "$(TARGET_NAME)";
			};
			name = Debug;
		};
		1AD8EA491EA5CBCD000F6915 /* Release */ = {
			isa = XCBuildConfiguration;
			baseConfigurationReference = AE9783EE1B3F59909542C76C /* Pods-GEPhotoPreviewControllerDemo.release.xcconfig */;
			buildSettings = {
				ASSETCATALOG_COMPILER_APPICON_NAME = AppIcon;
				DEVELOPMENT_TEAM = 76364BYDWJ;
				INFOPLIST_FILE = GEPhotoPreviewControllerDemo/Info.plist;
				IPHONEOS_DEPLOYMENT_TARGET = 8.0;
				LD_RUNPATH_SEARCH_PATHS = "$(inherited) @executable_path/Frameworks";
				PRODUCT_BUNDLE_IDENTIFIER = gloria.GEPhotoPreviewControllerDemo;
				PRODUCT_NAME = "$(TARGET_NAME)";
			};
			name = Release;
		};
/* End XCBuildConfiguration section */

/* Begin XCConfigurationList section */
		1AD8EA2B1EA5CBCD000F6915 /* Build configuration list for PBXProject "GEPhotoPreviewControllerDemo" */ = {
			isa = XCConfigurationList;
			buildConfigurations = (
				1AD8EA451EA5CBCD000F6915 /* Debug */,
				1AD8EA461EA5CBCD000F6915 /* Release */,
			);
			defaultConfigurationIsVisible = 0;
			defaultConfigurationName = Release;
		};
		1AD8EA471EA5CBCD000F6915 /* Build configuration list for PBXNativeTarget "GEPhotoPreviewControllerDemo" */ = {
			isa = XCConfigurationList;
			buildConfigurations = (
				1AD8EA481EA5CBCD000F6915 /* Debug */,
				1AD8EA491EA5CBCD000F6915 /* Release */,
			);
			defaultConfigurationIsVisible = 0;
			defaultConfigurationName = Release;
		};
/* End XCConfigurationList section */
	};
	rootObject = 1AD8EA281EA5CBCD000F6915 /* Project object */;
}
