// !$*UTF8*$!
{
	archiveVersion = 1;
	classes = {
	};
	objectVersion = 46;
	objects = {

/* Begin PBXBuildFile section */
		1A9F072E1EA064DD00F9586D /* main.m in Sources */ = {isa = PBXBuildFile; fileRef = 1A9F072D1EA064DD00F9586D /* main.m */; };
		1A9F07311EA064DD00F9586D /* AppDelegate.m in Sources */ = {isa = PBXBuildFile; fileRef = 1A9F07301EA064DD00F9586D /* AppDelegate.m */; };
		1A9F07341EA064DD00F9586D /* ViewController.m in Sources */ = {isa = PBXBuildFile; fileRef = 1A9F07331EA064DD00F9586D /* ViewController.m */; };
		1A9F07371EA064DD00F9586D /* Main.storyboard in Resources */ = {isa = PBXBuildFile; fileRef = 1A9F07351EA064DD00F9586D /* Main.storyboard */; };
		1A9F07391EA064DD00F9586D /* Assets.xcassets in Resources */ = {isa = PBXBuildFile; fileRef = 1A9F07381EA064DD00F9586D /* Assets.xcassets */; };
		1A9F073C1EA064DD00F9586D /* LaunchScreen.storyboard in Resources */ = {isa = PBXBuildFile; fileRef = 1A9F073A1EA064DD00F9586D /* LaunchScreen.storyboard */; };
		1A9F07451EA06B6700F9586D /* SearchModel.m in Sources */ = {isa = PBXBuildFile; fileRef = 1A9F07441EA06B6700F9586D /* SearchModel.m */; };
/* End PBXBuildFile section */

/* Begin PBXFileReference section */
		1A9F07291EA064DD00F9586D /* UISearchController.app */ = {isa = PBXFileReference; explicitFileType = wrapper.application; includeInIndex = 0; path = UISearchController.app; sourceTree = BUILT_PRODUCTS_DIR; };
		1A9F072D1EA064DD00F9586D /* main.m */ = {isa = PBXFileReference; lastKnownFileType = sourcecode.c.objc; path = main.m; sourceTree = "<group>"; };
		1A9F072F1EA064DD00F9586D /* AppDelegate.h */ = {isa = PBXFileReference; lastKnownFileType = sourcecode.c.h; path = AppDelegate.h; sourceTree = "<group>"; };
		1A9F07301EA064DD00F9586D /* AppDelegate.m */ = {isa = PBXFileReference; lastKnownFileType = sourcecode.c.objc; path = AppDelegate.m; sourceTree = "<group>"; };
		1A9F07321EA064DD00F9586D /* ViewController.h */ = {isa = PBXFileReference; lastKnownFileType = sourcecode.c.h; path = ViewController.h; sourceTree = "<group>"; };
		1A9F07331EA064DD00F9586D /* ViewController.m */ = {isa = PBXFileReference; lastKnownFileType = sourcecode.c.objc; path = ViewController.m; sourceTree = "<group>"; };
		1A9F07361EA064DD00F9586D /* Base */ = {isa = PBXFileReference; lastKnownFileType = file.storyboard; name = Base; path = Base.lproj/Main.storyboard; sourceTree = "<group>"; };
		1A9F07381EA064DD00F9586D /* Assets.xcassets */ = {isa = PBXFileReference; lastKnownFileType = folder.assetcatalog; path = Assets.xcassets; sourceTree = "<group>"; };
		1A9F073B1EA064DD00F9586D /* Base */ = {isa = PBXFileReference; lastKnownFileType = file.storyboard; name = Base; path = Base.lproj/LaunchScreen.storyboard; sourceTree = "<group>"; };
		1A9F073D1EA064DD00F9586D /* Info.plist */ = {isa = PBXFileReference; lastKnownFileType = text.plist.xml; path = Info.plist; sourceTree = "<group>"; };
		1A9F07431EA06B6700F9586D /* SearchModel.h */ = {isa = PBXFileReference; fileEncoding = 4; lastKnownFileType = sourcecode.c.h; path = SearchModel.h; sourceTree = "<group>"; };
		1A9F07441EA06B6700F9586D /* SearchModel.m */ = {isa = PBXFileReference; fileEncoding = 4; lastKnownFileType = sourcecode.c.objc; path = SearchModel.m; sourceTree = "<group>"; };
/* End PBXFileReference section */

/* Begin PBXFrameworksBuildPhase section */
		1A9F07261EA064DD00F9586D /* Frameworks */ = {
			isa = PBXFrameworksBuildPhase;
			buildActionMask = 2147483647;
			files = (
			);
			runOnlyForDeploymentPostprocessing = 0;
		};
/* End PBXFrameworksBuildPhase section */

/* Begin PBXGroup section */
		1A9F07201EA064DD00F9586D = {
			isa = PBXGroup;
			children = (
				1A9F072B1EA064DD00F9586D /* UISearchController */,
				1A9F072A1EA064DD00F9586D /* Products */,
			);
			sourceTree = "<group>";
		};
		1A9F072A1EA064DD00F9586D /* Products */ = {
			isa = PBXGroup;
			children = (
				1A9F07291EA064DD00F9586D /* UISearchController.app */,
			);
			name = Products;
			sourceTree = "<group>";
		};
		1A9F072B1EA064DD00F9586D /* UISearchController */ = {
			isa = PBXGroup;
			children = (
				1A9F072F1EA064DD00F9586D /* AppDelegate.h */,
				1A9F07301EA064DD00F9586D /* AppDelegate.m */,
				1A9F07321EA064DD00F9586D /* ViewController.h */,
				1A9F07331EA064DD00F9586D /* ViewController.m */,
				1A9F07431EA06B6700F9586D /* SearchModel.h */,
				1A9F07441EA06B6700F9586D /* SearchModel.m */,
				1A9F07351EA064DD00F9586D /* Main.storyboard */,
				1A9F07381EA064DD00F9586D /* Assets.xcassets */,
				1A9F073A1EA064DD00F9586D /* LaunchScreen.storyboard */,
				1A9F073D1EA064DD00F9586D /* Info.plist */,
				1A9F072C1EA064DD00F9586D /* Supporting Files */,
			);
			path = UISearchController;
			sourceTree = "<group>";
		};
		1A9F072C1EA064DD00F9586D /* Supporting Files */ = {
			isa = PBXGroup;
			children = (
				1A9F072D1EA064DD00F9586D /* main.m */,
			);
			name = "Supporting Files";
			sourceTree = "<group>";
		};
/* End PBXGroup section */

/* Begin PBXNativeTarget section */
		1A9F07281EA064DD00F9586D /* UISearchController */ = {
			isa = PBXNativeTarget;
			buildConfigurationList = 1A9F07401EA064DD00F9586D /* Build configuration list for PBXNativeTarget "UISearchController" */;
			buildPhases = (
				1A9F07251EA064DD00F9586D /* Sources */,
				1A9F07261EA064DD00F9586D /* Frameworks */,
				1A9F07271EA064DD00F9586D /* Resources */,
			);
			buildRules = (
			);
			dependencies = (
			);
			name = UISearchController;
			productName = UISearchController;
			productReference = 1A9F07291EA064DD00F9586D /* UISearchController.app */;
			productType = "com.apple.product-type.application";
		};
/* End PBXNativeTarget section */

/* Begin PBXProject section */
		1A9F07211EA064DD00F9586D /* Project object */ = {
			isa = PBXProject;
			attributes = {
				LastUpgradeCheck = 0820;
				ORGANIZATIONNAME = eric;
				TargetAttributes = {
					1A9F07281EA064DD00F9586D = {
						CreatedOnToolsVersion = 8.2.1;
						DevelopmentTeam = 3896W3N2Y4;
						ProvisioningStyle = Automatic;
					};
				};
			};
			buildConfigurationList = 1A9F07241EA064DD00F9586D /* Build configuration list for PBXProject "UISearchController" */;
			compatibilityVersion = "Xcode 3.2";
			developmentRegion = English;
			hasScannedForEncodings = 0;
			knownRegions = (
				en,
				Base,
			);
			mainGroup = 1A9F07201EA064DD00F9586D;
			productRefGroup = 1A9F072A1EA064DD00F9586D /* Products */;
			projectDirPath = "";
			projectRoot = "";
			targets = (
				1A9F07281EA064DD00F9586D /* UISearchController */,
			);
		};
/* End PBXProject section */

/* Begin PBXResourcesBuildPhase section */
		1A9F07271EA064DD00F9586D /* Resources */ = {
			isa = PBXResourcesBuildPhase;
			buildActionMask = 2147483647;
			files = (
				1A9F073C1EA064DD00F9586D /* LaunchScreen.storyboard in Resources */,
				1A9F07391EA064DD00F9586D /* Assets.xcassets in Resources */,
				1A9F07371EA064DD00F9586D /* Main.storyboard in Resources */,
			);
			runOnlyForDeploymentPostprocessing = 0;
		};
/* End PBXResourcesBuildPhase section */

/* Begin PBXSourcesBuildPhase section */
		1A9F07251EA064DD00F9586D /* Sources */ = {
			isa = PBXSourcesBuildPhase;
			buildActionMask = 2147483647;
			files = (
				1A9F07341EA064DD00F9586D /* ViewController.m in Sources */,
				1A9F07311EA064DD00F9586D /* AppDelegate.m in Sources */,
				1A9F072E1EA064DD00F9586D /* main.m in Sources */,
				1A9F07451EA06B6700F9586D /* SearchModel.m in Sources */,
			);
			runOnlyForDeploymentPostprocessing = 0;
		};
/* End PBXSourcesBuildPhase section */

/* Begin PBXVariantGroup section */
		1A9F07351EA064DD00F9586D /* Main.storyboard */ = {
			isa = PBXVariantGroup;
			children = (
				1A9F07361EA064DD00F9586D /* Base */,
			);
			name = Main.storyboard;
			sourceTree = "<group>";
		};
		1A9F073A1EA064DD00F9586D /* LaunchScreen.storyboard */ = {
			isa = PBXVariantGroup;
			children = (
				1A9F073B1EA064DD00F9586D /* Base */,
			);
			name = LaunchScreen.storyboard;
			sourceTree = "<group>";
		};
/* End PBXVariantGroup section */

/* Begin XCBuildConfiguration section */
		1A9F073E1EA064DD00F9586D /* Debug */ = {
			isa = XCBuildConfiguration;
			buildSettings = {
				ALWAYS_SEARCH_USER_PATHS = NO;
				CLANG_ANALYZER_NONNULL = YES;
				CLANG_CXX_LANGUAGE_STANDARD = "gnu++0x";
				CLANG_CXX_LIBRARY = "libc++";
				CLANG_ENABLE_MODULES = YES;
				CLANG_ENABLE_OBJC_ARC = YES;
				CLANG_WARN_BOOL_CONVERSION = YES;
				CLANG_WARN_CONSTANT_CONVERSION = YES;
				CLANG_WARN_DIRECT_OBJC_ISA_USAGE = YES_ERROR;
				CLANG_WARN_DOCUMENTATION_COMMENTS = YES;
				CLANG_WARN_EMPTY_BODY = YES;
				CLANG_WARN_ENUM_CONVERSION = YES;
				CLANG_WARN_INFINITE_RECURSION = YES;
				CLANG_WARN_INT_CONVERSION = YES;
				CLANG_WARN_OBJC_ROOT_CLASS = YES_ERROR;
				CLANG_WARN_SUSPICIOUS_MOVE = YES;
				CLANG_WARN_UNREACHABLE_CODE = YES;
				CLANG_WARN__DUPLICATE_METHOD_MATCH = YES;
				"CODE_SIGN_IDENTITY[sdk=iphoneos*]" = "iPhone Developer";
				COPY_PHASE_STRIP = NO;
				DEBUG_INFORMATION_FORMAT = dwarf;
				ENABLE_STRICT_OBJC_MSGSEND = YES;
				ENABLE_TESTABILITY = YES;
				GCC_C_LANGUAGE_STANDARD = gnu99;
				GCC_DYNAMIC_NO_PIC = NO;
				GCC_NO_COMMON_BLOCKS = YES;
				GCC_OPTIMIZATION_LEVEL = 0;
				GCC_PREPROCESSOR_DEFINITIONS = (
					"DEBUG=1",
					"$(inherited)",
				);
				GCC_WARN_64_TO_32_BIT_CONVERSION = YES;
				GCC_WARN_ABOUT_RETURN_TYPE = YES_ERROR;
				GCC_WARN_UNDECLARED_SELECTOR = YES;
				GCC_WARN_UNINITIALIZED_AUTOS = YES_AGGRESSIVE;
				GCC_WARN_UNUSED_FUNCTION = YES;
				GCC_WARN_UNUSED_VARIABLE = YES;
				IPHONEOS_DEPLOYMENT_TARGET = 10.2;
				MTL_ENABLE_DEBUG_INFO = YES;
				ONLY_ACTIVE_ARCH = YES;
				SDKROOT = iphoneos;
				TARGETED_DEVICE_FAMILY = "1,2";
			};
			name = Debug;
		};
		1A9F073F1EA064DD00F9586D /* Release */ = {
			isa = XCBuildConfiguration;
			buildSettings = {
				ALWAYS_SEARCH_USER_PATHS = NO;
				CLANG_ANALYZER_NONNULL = YES;
				CLANG_CXX_LANGUAGE_STANDARD = "gnu++0x";
				CLANG_CXX_LIBRARY = "libc++";
				CLANG_ENABLE_MODULES = YES;
				CLANG_ENABLE_OBJC_ARC = YES;
				CLANG_WARN_BOOL_CONVERSION = YES;
				CLANG_WARN_CONSTANT_CONVERSION = YES;
				CLANG_WARN_DIRECT_OBJC_ISA_USAGE = YES_ERROR;
				CLANG_WARN_DOCUMENTATION_COMMENTS = YES;
				CLANG_WARN_EMPTY_BODY = YES;
				CLANG_WARN_ENUM_CONVERSION = YES;
				CLANG_WARN_INFINITE_RECURSION = YES;
				CLANG_WARN_INT_CONVERSION = YES;
				CLANG_WARN_OBJC_ROOT_CLASS = YES_ERROR;
				CLANG_WARN_SUSPICIOUS_MOVE = YES;
				CLANG_WARN_UNREACHABLE_CODE = YES;
				CLANG_WARN__DUPLICATE_METHOD_MATCH = YES;
				"CODE_SIGN_IDENTITY[sdk=iphoneos*]" = "iPhone Developer";
				COPY_PHASE_STRIP = NO;
				DEBUG_INFORMATION_FORMAT = "dwarf-with-dsym";
				ENABLE_NS_ASSERTIONS = NO;
				ENABLE_STRICT_OBJC_MSGSEND = YES;
				GCC_C_LANGUAGE_STANDARD = gnu99;
				GCC_NO_COMMON_BLOCKS = YES;
				GCC_WARN_64_TO_32_BIT_CONVERSION = YES;
				GCC_WARN_ABOUT_RETURN_TYPE = YES_ERROR;
				GCC_WARN_UNDECLARED_SELECTOR = YES;
				GCC_WARN_UNINITIALIZED_AUTOS = YES_AGGRESSIVE;
				GCC_WARN_UNUSED_FUNCTION = YES;
				GCC_WARN_UNUSED_VARIABLE = YES;
				IPHONEOS_DEPLOYMENT_TARGET = 10.2;
				MTL_ENABLE_DEBUG_INFO = NO;
				SDKROOT = iphoneos;
				TARGETED_DEVICE_FAMILY = "1,2";
				VALIDATE_PRODUCT = YES;
			};
			name = Release;
		};
		1A9F07411EA064DD00F9586D /* Debug */ = {
			isa = XCBuildConfiguration;
			buildSettings = {
				ASSETCATALOG_COMPILER_APPICON_NAME = AppIcon;
				DEVELOPMENT_TEAM = 3896W3N2Y4;
				INFOPLIST_FILE = UISearchController/Info.plist;
				IPHONEOS_DEPLOYMENT_TARGET = 8.0;
				LD_RUNPATH_SEARCH_PATHS = "$(inherited) @executable_path/Frameworks";
				PRODUCT_BUNDLE_IDENTIFIER = gloria.UISearchController;
				PRODUCT_NAME = "$(TARGET_NAME)";
			};
			name = Debug;
		};
		1A9F07421EA064DD00F9586D /* Release */ = {
			isa = XCBuildConfiguration;
			buildSettings = {
				ASSETCATALOG_COMPILER_APPICON_NAME = AppIcon;
				DEVELOPMENT_TEAM = 3896W3N2Y4;
				INFOPLIST_FILE = UISearchController/Info.plist;
				IPHONEOS_DEPLOYMENT_TARGET = 8.0;
				LD_RUNPATH_SEARCH_PATHS = "$(inherited) @executable_path/Frameworks";
				PRODUCT_BUNDLE_IDENTIFIER = gloria.UISearchController;
				PRODUCT_NAME = "$(TARGET_NAME)";
			};
			name = Release;
		};
/* End XCBuildConfiguration section */

/* Begin XCConfigurationList section */
		1A9F07241EA064DD00F9586D /* Build configuration list for PBXProject "UISearchController" */ = {
			isa = XCConfigurationList;
			buildConfigurations = (
				1A9F073E1EA064DD00F9586D /* Debug */,
				1A9F073F1EA064DD00F9586D /* Release */,
			);
			defaultConfigurationIsVisible = 0;
			defaultConfigurationName = Release;
		};
		1A9F07401EA064DD00F9586D /* Build configuration list for PBXNativeTarget "UISearchController" */ = {
			isa = XCConfigurationList;
			buildConfigurations = (
				1A9F07411EA064DD00F9586D /* Debug */,
				1A9F07421EA064DD00F9586D /* Release */,
			);
			defaultConfigurationIsVisible = 0;
		};
/* End XCConfigurationList section */
	};
	rootObject = 1A9F07211EA064DD00F9586D /* Project object */;
}
