// !$*UTF8*$!
{
	archiveVersion = 1;
	classes = {
	};
	objectVersion = 50;
	objects = {

/* Begin PBXBuildFile section */
		009C0814238518EF008EECF2 /* AppDelegate.swift in Sources */ = {isa = PBXBuildFile; fileRef = 009C0813238518EF008EECF2 /* AppDelegate.swift */; };
		009C0816238518EF008EECF2 /* SceneDelegate.swift in Sources */ = {isa = PBXBuildFile; fileRef = 009C0815238518EF008EECF2 /* SceneDelegate.swift */; };
		009C0818238518EF008EECF2 /* ContentView.swift in Sources */ = {isa = PBXBuildFile; fileRef = 009C0817238518EF008EECF2 /* ContentView.swift */; };
		009C081A238518F0008EECF2 /* Assets.xcassets in Resources */ = {isa = PBXBuildFile; fileRef = 009C0819238518F0008EECF2 /* Assets.xcassets */; };
		009C081D238518F0008EECF2 /* Preview Assets.xcassets in Resources */ = {isa = PBXBuildFile; fileRef = 009C081C238518F0008EECF2 /* Preview Assets.xcassets */; };
		009C0820238518F0008EECF2 /* LaunchScreen.storyboard in Resources */ = {isa = PBXBuildFile; fileRef = 009C081E238518F0008EECF2 /* LaunchScreen.storyboard */; };
		009C082823851DEB008EECF2 /* 1.ViewModifier.swift in Sources */ = {isa = PBXBuildFile; fileRef = 009C082723851DEB008EECF2 /* 1.ViewModifier.swift */; };
		009C082A2385231F008EECF2 /* 2.ButtonCustomView.swift in Sources */ = {isa = PBXBuildFile; fileRef = 009C08292385231F008EECF2 /* 2.ButtonCustomView.swift */; };
		009C082C23852562008EECF2 /* 3.LayoutAndStackLayoutView.swift in Sources */ = {isa = PBXBuildFile; fileRef = 009C082B23852562008EECF2 /* 3.LayoutAndStackLayoutView.swift */; };
		009C082E238528DE008EECF2 /* 4.CalculatorButtonItem.swift in Sources */ = {isa = PBXBuildFile; fileRef = 009C082D238528DE008EECF2 /* 4.CalculatorButtonItem.swift */; };
		009C083023852AE4008EECF2 /* 4.CalculatorView.swift in Sources */ = {isa = PBXBuildFile; fileRef = 009C082F23852AE4008EECF2 /* 4.CalculatorView.swift */; };
/* End PBXBuildFile section */

/* Begin PBXFileReference section */
		009C0810238518EF008EECF2 /* Calculator.app */ = {isa = PBXFileReference; explicitFileType = wrapper.application; includeInIndex = 0; path = Calculator.app; sourceTree = BUILT_PRODUCTS_DIR; };
		009C0813238518EF008EECF2 /* AppDelegate.swift */ = {isa = PBXFileReference; lastKnownFileType = sourcecode.swift; path = AppDelegate.swift; sourceTree = "<group>"; };
		009C0815238518EF008EECF2 /* SceneDelegate.swift */ = {isa = PBXFileReference; lastKnownFileType = sourcecode.swift; path = SceneDelegate.swift; sourceTree = "<group>"; };
		009C0817238518EF008EECF2 /* ContentView.swift */ = {isa = PBXFileReference; lastKnownFileType = sourcecode.swift; path = ContentView.swift; sourceTree = "<group>"; };
		009C0819238518F0008EECF2 /* Assets.xcassets */ = {isa = PBXFileReference; lastKnownFileType = folder.assetcatalog; path = Assets.xcassets; sourceTree = "<group>"; };
		009C081C238518F0008EECF2 /* Preview Assets.xcassets */ = {isa = PBXFileReference; lastKnownFileType = folder.assetcatalog; path = "Preview Assets.xcassets"; sourceTree = "<group>"; };
		009C081F238518F0008EECF2 /* Base */ = {isa = PBXFileReference; lastKnownFileType = file.storyboard; name = Base; path = Base.lproj/LaunchScreen.storyboard; sourceTree = "<group>"; };
		009C0821238518F0008EECF2 /* Info.plist */ = {isa = PBXFileReference; lastKnownFileType = text.plist.xml; path = Info.plist; sourceTree = "<group>"; };
		009C082723851DEB008EECF2 /* 1.ViewModifier.swift */ = {isa = PBXFileReference; lastKnownFileType = sourcecode.swift; path = 1.ViewModifier.swift; sourceTree = "<group>"; };
		009C08292385231F008EECF2 /* 2.ButtonCustomView.swift */ = {isa = PBXFileReference; lastKnownFileType = sourcecode.swift; path = 2.ButtonCustomView.swift; sourceTree = "<group>"; };
		009C082B23852562008EECF2 /* 3.LayoutAndStackLayoutView.swift */ = {isa = PBXFileReference; lastKnownFileType = sourcecode.swift; path = 3.LayoutAndStackLayoutView.swift; sourceTree = "<group>"; };
		009C082D238528DE008EECF2 /* 4.CalculatorButtonItem.swift */ = {isa = PBXFileReference; lastKnownFileType = sourcecode.swift; path = 4.CalculatorButtonItem.swift; sourceTree = "<group>"; };
		009C082F23852AE4008EECF2 /* 4.CalculatorView.swift */ = {isa = PBXFileReference; lastKnownFileType = sourcecode.swift; path = 4.CalculatorView.swift; sourceTree = "<group>"; };
/* End PBXFileReference section */

/* Begin PBXFrameworksBuildPhase section */
		009C080D238518EF008EECF2 /* Frameworks */ = {
			isa = PBXFrameworksBuildPhase;
			buildActionMask = 2147483647;
			files = (
			);
			runOnlyForDeploymentPostprocessing = 0;
		};
/* End PBXFrameworksBuildPhase section */

/* Begin PBXGroup section */
		009C0807238518EF008EECF2 = {
			isa = PBXGroup;
			children = (
				009C0812238518EF008EECF2 /* Calculator */,
				009C0811238518EF008EECF2 /* Products */,
			);
			sourceTree = "<group>";
		};
		009C0811238518EF008EECF2 /* Products */ = {
			isa = PBXGroup;
			children = (
				009C0810238518EF008EECF2 /* Calculator.app */,
			);
			name = Products;
			sourceTree = "<group>";
		};
		009C0812238518EF008EECF2 /* Calculator */ = {
			isa = PBXGroup;
			children = (
				009C0813238518EF008EECF2 /* AppDelegate.swift */,
				009C0815238518EF008EECF2 /* SceneDelegate.swift */,
				009C0817238518EF008EECF2 /* ContentView.swift */,
				009C082723851DEB008EECF2 /* 1.ViewModifier.swift */,
				009C08292385231F008EECF2 /* 2.ButtonCustomView.swift */,
				009C082B23852562008EECF2 /* 3.LayoutAndStackLayoutView.swift */,
				009C082F23852AE4008EECF2 /* 4.CalculatorView.swift */,
				009C082D238528DE008EECF2 /* 4.CalculatorButtonItem.swift */,
				009C0819238518F0008EECF2 /* Assets.xcassets */,
				009C081E238518F0008EECF2 /* LaunchScreen.storyboard */,
				009C0821238518F0008EECF2 /* Info.plist */,
				009C081B238518F0008EECF2 /* Preview Content */,
			);
			path = Calculator;
			sourceTree = "<group>";
		};
		009C081B238518F0008EECF2 /* Preview Content */ = {
			isa = PBXGroup;
			children = (
				009C081C238518F0008EECF2 /* Preview Assets.xcassets */,
			);
			path = "Preview Content";
			sourceTree = "<group>";
		};
/* End PBXGroup section */

/* Begin PBXNativeTarget section */
		009C080F238518EF008EECF2 /* Calculator */ = {
			isa = PBXNativeTarget;
			buildConfigurationList = 009C0824238518F0008EECF2 /* Build configuration list for PBXNativeTarget "Calculator" */;
			buildPhases = (
				009C080C238518EF008EECF2 /* Sources */,
				009C080D238518EF008EECF2 /* Frameworks */,
				009C080E238518EF008EECF2 /* Resources */,
			);
			buildRules = (
			);
			dependencies = (
			);
			name = Calculator;
			productName = Calculator;
			productReference = 009C0810238518EF008EECF2 /* Calculator.app */;
			productType = "com.apple.product-type.application";
		};
/* End PBXNativeTarget section */

/* Begin PBXProject section */
		009C0808238518EF008EECF2 /* Project object */ = {
			isa = PBXProject;
			attributes = {
				LastSwiftUpdateCheck = 1120;
				LastUpgradeCheck = 1120;
				ORGANIZATIONNAME = Reed;
				TargetAttributes = {
					009C080F238518EF008EECF2 = {
						CreatedOnToolsVersion = 11.2;
					};
				};
			};
			buildConfigurationList = 009C080B238518EF008EECF2 /* Build configuration list for PBXProject "Calculator" */;
			compatibilityVersion = "Xcode 9.3";
			developmentRegion = en;
			hasScannedForEncodings = 0;
			knownRegions = (
				en,
				Base,
			);
			mainGroup = 009C0807238518EF008EECF2;
			productRefGroup = 009C0811238518EF008EECF2 /* Products */;
			projectDirPath = "";
			projectRoot = "";
			targets = (
				009C080F238518EF008EECF2 /* Calculator */,
			);
		};
/* End PBXProject section */

/* Begin PBXResourcesBuildPhase section */
		009C080E238518EF008EECF2 /* Resources */ = {
			isa = PBXResourcesBuildPhase;
			buildActionMask = 2147483647;
			files = (
				009C0820238518F0008EECF2 /* LaunchScreen.storyboard in Resources */,
				009C081D238518F0008EECF2 /* Preview Assets.xcassets in Resources */,
				009C081A238518F0008EECF2 /* Assets.xcassets in Resources */,
			);
			runOnlyForDeploymentPostprocessing = 0;
		};
/* End PBXResourcesBuildPhase section */

/* Begin PBXSourcesBuildPhase section */
		009C080C238518EF008EECF2 /* Sources */ = {
			isa = PBXSourcesBuildPhase;
			buildActionMask = 2147483647;
			files = (
				009C0814238518EF008EECF2 /* AppDelegate.swift in Sources */,
				009C082E238528DE008EECF2 /* 4.CalculatorButtonItem.swift in Sources */,
				009C082C23852562008EECF2 /* 3.LayoutAndStackLayoutView.swift in Sources */,
				009C0816238518EF008EECF2 /* SceneDelegate.swift in Sources */,
				009C083023852AE4008EECF2 /* 4.CalculatorView.swift in Sources */,
				009C0818238518EF008EECF2 /* ContentView.swift in Sources */,
				009C082A2385231F008EECF2 /* 2.ButtonCustomView.swift in Sources */,
				009C082823851DEB008EECF2 /* 1.ViewModifier.swift in Sources */,
			);
			runOnlyForDeploymentPostprocessing = 0;
		};
/* End PBXSourcesBuildPhase section */

/* Begin PBXVariantGroup section */
		009C081E238518F0008EECF2 /* LaunchScreen.storyboard */ = {
			isa = PBXVariantGroup;
			children = (
				009C081F238518F0008EECF2 /* Base */,
			);
			name = LaunchScreen.storyboard;
			sourceTree = "<group>";
		};
/* End PBXVariantGroup section */

/* Begin XCBuildConfiguration section */
		009C0822238518F0008EECF2 /* Debug */ = {
			isa = XCBuildConfiguration;
			buildSettings = {
				ALWAYS_SEARCH_USER_PATHS = NO;
				CLANG_ANALYZER_NONNULL = YES;
				CLANG_ANALYZER_NUMBER_OBJECT_CONVERSION = YES_AGGRESSIVE;
				CLANG_CXX_LANGUAGE_STANDARD = "gnu++14";
				CLANG_CXX_LIBRARY = "libc++";
				CLANG_ENABLE_MODULES = YES;
				CLANG_ENABLE_OBJC_ARC = YES;
				CLANG_ENABLE_OBJC_WEAK = YES;
				CLANG_WARN_BLOCK_CAPTURE_AUTORELEASING = YES;
				CLANG_WARN_BOOL_CONVERSION = YES;
				CLANG_WARN_COMMA = YES;
				CLANG_WARN_CONSTANT_CONVERSION = YES;
				CLANG_WARN_DEPRECATED_OBJC_IMPLEMENTATIONS = YES;
				CLANG_WARN_DIRECT_OBJC_ISA_USAGE = YES_ERROR;
				CLANG_WARN_DOCUMENTATION_COMMENTS = YES;
				CLANG_WARN_EMPTY_BODY = YES;
				CLANG_WARN_ENUM_CONVERSION = YES;
				CLANG_WARN_INFINITE_RECURSION = YES;
				CLANG_WARN_INT_CONVERSION = YES;
				CLANG_WARN_NON_LITERAL_NULL_CONVERSION = YES;
				CLANG_WARN_OBJC_IMPLICIT_RETAIN_SELF = YES;
				CLANG_WARN_OBJC_LITERAL_CONVERSION = YES;
				CLANG_WARN_OBJC_ROOT_CLASS = YES_ERROR;
				CLANG_WARN_RANGE_LOOP_ANALYSIS = YES;
				CLANG_WARN_STRICT_PROTOTYPES = YES;
				CLANG_WARN_SUSPICIOUS_MOVE = YES;
				CLANG_WARN_UNGUARDED_AVAILABILITY = YES_AGGRESSIVE;
				CLANG_WARN_UNREACHABLE_CODE = YES;
				CLANG_WARN__DUPLICATE_METHOD_MATCH = YES;
				COPY_PHASE_STRIP = NO;
				DEBUG_INFORMATION_FORMAT = dwarf;
				ENABLE_STRICT_OBJC_MSGSEND = YES;
				ENABLE_TESTABILITY = YES;
				GCC_C_LANGUAGE_STANDARD = gnu11;
				GCC_DYNAMIC_NO_PIC = NO;
				GCC_NO_COMMON_BLOCKS = YES;
				GCC_OPTIMIZATION_LEVEL = 0;
				GCC_PREPROCESSOR_DEFINITIONS = (
					"DEBUG=1",
					"$(inherited)",
				);
				GCC_WARN_64_TO_32_BIT_CONVERSION = YES;
				GCC_WARN_ABOUT_RETURN_TYPE = YES_ERROR;
				GCC_WARN_UNDECLARED_SELECTOR = YES;
				GCC_WARN_UNINITIALIZED_AUTOS = YES_AGGRESSIVE;
				GCC_WARN_UNUSED_FUNCTION = YES;
				GCC_WARN_UNUSED_VARIABLE = YES;
				IPHONEOS_DEPLOYMENT_TARGET = 13.2;
				MTL_ENABLE_DEBUG_INFO = INCLUDE_SOURCE;
				MTL_FAST_MATH = YES;
				ONLY_ACTIVE_ARCH = YES;
				SDKROOT = iphoneos;
				SWIFT_ACTIVE_COMPILATION_CONDITIONS = DEBUG;
				SWIFT_OPTIMIZATION_LEVEL = "-Onone";
			};
			name = Debug;
		};
		009C0823238518F0008EECF2 /* Release */ = {
			isa = XCBuildConfiguration;
			buildSettings = {
				ALWAYS_SEARCH_USER_PATHS = NO;
				CLANG_ANALYZER_NONNULL = YES;
				CLANG_ANALYZER_NUMBER_OBJECT_CONVERSION = YES_AGGRESSIVE;
				CLANG_CXX_LANGUAGE_STANDARD = "gnu++14";
				CLANG_CXX_LIBRARY = "libc++";
				CLANG_ENABLE_MODULES = YES;
				CLANG_ENABLE_OBJC_ARC = YES;
				CLANG_ENABLE_OBJC_WEAK = YES;
				CLANG_WARN_BLOCK_CAPTURE_AUTORELEASING = YES;
				CLANG_WARN_BOOL_CONVERSION = YES;
				CLANG_WARN_COMMA = YES;
				CLANG_WARN_CONSTANT_CONVERSION = YES;
				CLANG_WARN_DEPRECATED_OBJC_IMPLEMENTATIONS = YES;
				CLANG_WARN_DIRECT_OBJC_ISA_USAGE = YES_ERROR;
				CLANG_WARN_DOCUMENTATION_COMMENTS = YES;
				CLANG_WARN_EMPTY_BODY = YES;
				CLANG_WARN_ENUM_CONVERSION = YES;
				CLANG_WARN_INFINITE_RECURSION = YES;
				CLANG_WARN_INT_CONVERSION = YES;
				CLANG_WARN_NON_LITERAL_NULL_CONVERSION = YES;
				CLANG_WARN_OBJC_IMPLICIT_RETAIN_SELF = YES;
				CLANG_WARN_OBJC_LITERAL_CONVERSION = YES;
				CLANG_WARN_OBJC_ROOT_CLASS = YES_ERROR;
				CLANG_WARN_RANGE_LOOP_ANALYSIS = YES;
				CLANG_WARN_STRICT_PROTOTYPES = YES;
				CLANG_WARN_SUSPICIOUS_MOVE = YES;
				CLANG_WARN_UNGUARDED_AVAILABILITY = YES_AGGRESSIVE;
				CLANG_WARN_UNREACHABLE_CODE = YES;
				CLANG_WARN__DUPLICATE_METHOD_MATCH = YES;
				COPY_PHASE_STRIP = NO;
				DEBUG_INFORMATION_FORMAT = "dwarf-with-dsym";
				ENABLE_NS_ASSERTIONS = NO;
				ENABLE_STRICT_OBJC_MSGSEND = YES;
				GCC_C_LANGUAGE_STANDARD = gnu11;
				GCC_NO_COMMON_BLOCKS = YES;
				GCC_WARN_64_TO_32_BIT_CONVERSION = YES;
				GCC_WARN_ABOUT_RETURN_TYPE = YES_ERROR;
				GCC_WARN_UNDECLARED_SELECTOR = YES;
				GCC_WARN_UNINITIALIZED_AUTOS = YES_AGGRESSIVE;
				GCC_WARN_UNUSED_FUNCTION = YES;
				GCC_WARN_UNUSED_VARIABLE = YES;
				IPHONEOS_DEPLOYMENT_TARGET = 13.2;
				MTL_ENABLE_DEBUG_INFO = NO;
				MTL_FAST_MATH = YES;
				SDKROOT = iphoneos;
				SWIFT_COMPILATION_MODE = wholemodule;
				SWIFT_OPTIMIZATION_LEVEL = "-O";
				VALIDATE_PRODUCT = YES;
			};
			name = Release;
		};
		009C0825238518F0008EECF2 /* Debug */ = {
			isa = XCBuildConfiguration;
			buildSettings = {
				ASSETCATALOG_COMPILER_APPICON_NAME = AppIcon;
				CODE_SIGN_STYLE = Automatic;
				DEVELOPMENT_ASSET_PATHS = "\"Calculator/Preview Content\"";
				DEVELOPMENT_TEAM = 4E5Y3VPQHZ;
				ENABLE_PREVIEWS = YES;
				INFOPLIST_FILE = Calculator/Info.plist;
				LD_RUNPATH_SEARCH_PATHS = (
					"$(inherited)",
					"@executable_path/Frameworks",
				);
				PRODUCT_BUNDLE_IDENTIFIER = com.haoyuehuyu.Calculator;
				PRODUCT_NAME = "$(TARGET_NAME)";
				SWIFT_VERSION = 5.0;
				TARGETED_DEVICE_FAMILY = "1,2";
			};
			name = Debug;
		};
		009C0826238518F0008EECF2 /* Release */ = {
			isa = XCBuildConfiguration;
			buildSettings = {
				ASSETCATALOG_COMPILER_APPICON_NAME = AppIcon;
				CODE_SIGN_STYLE = Automatic;
				DEVELOPMENT_ASSET_PATHS = "\"Calculator/Preview Content\"";
				DEVELOPMENT_TEAM = 4E5Y3VPQHZ;
				ENABLE_PREVIEWS = YES;
				INFOPLIST_FILE = Calculator/Info.plist;
				LD_RUNPATH_SEARCH_PATHS = (
					"$(inherited)",
					"@executable_path/Frameworks",
				);
				PRODUCT_BUNDLE_IDENTIFIER = com.haoyuehuyu.Calculator;
				PRODUCT_NAME = "$(TARGET_NAME)";
				SWIFT_VERSION = 5.0;
				TARGETED_DEVICE_FAMILY = "1,2";
			};
			name = Release;
		};
/* End XCBuildConfiguration section */

/* Begin XCConfigurationList section */
		009C080B238518EF008EECF2 /* Build configuration list for PBXProject "Calculator" */ = {
			isa = XCConfigurationList;
			buildConfigurations = (
				009C0822238518F0008EECF2 /* Debug */,
				009C0823238518F0008EECF2 /* Release */,
			);
			defaultConfigurationIsVisible = 0;
			defaultConfigurationName = Release;
		};
		009C0824238518F0008EECF2 /* Build configuration list for PBXNativeTarget "Calculator" */ = {
			isa = XCConfigurationList;
			buildConfigurations = (
				009C0825238518F0008EECF2 /* Debug */,
				009C0826238518F0008EECF2 /* Release */,
			);
			defaultConfigurationIsVisible = 0;
			defaultConfigurationName = Release;
		};
/* End XCConfigurationList section */
	};
	rootObject = 009C0808238518EF008EECF2 /* Project object */;
}
